Microsoft Visual Studio Solution File, Format Version 12.00
# Visual Studio Version 17
VisualStudioVersion = 17.5.2.0
MinimumVisualStudioVersion = 10.0.40219.1
Project("{FAE04EC0-301F-11D3-BF4B-00C04F79EFBC}") = "05Exercicio", "05Exercicio.csproj", "{8915C54A-0270-35D6-F7C1-4112D4E0E629}"
EndProject
Global
	GlobalSection(SolutionConfigurationPlatforms) = preSolution
		Debug|Any CPU = Debug|Any CPU
		Release|Any CPU = Release|Any CPU
	EndGlobalSection
	GlobalSection(ProjectConfigurationPlatforms) = postSolution
		{8915C54A-0270-35D6-F7C1-4112D4E0E629}.Debug|Any CPU.ActiveCfg = Debug|Any CPU
		{8915C54A-0270-35D6-F7C1-4112D4E0E629}.Debug|Any CPU.Build.0 = Debug|Any CPU
		{8915C54A-0270-35D6-F7C1-4112D4E0E629}.Release|Any CPU.ActiveCfg = Release|Any CPU
		{8915C54A-0270-35D6-F7C1-4112D4E0E629}.Release|Any CPU.Build.0 = Release|Any CPU
	EndGlobalSection
	GlobalSection(SolutionProperties) = preSolution
		HideSolutionNode = FALSE
	EndGlobalSection
	GlobalSection(ExtensibilityGlobals) = postSolution
		SolutionGuid = {2AD32062-E28F-49DB-A6FB-C6F7C645EDAF}
	EndGlobalSection
EndGlobal
